
Microsoft Visual Studio Solution File, Format Version 11.00
# Visual Studio 2010
Project("{FAE04EC0-301F-11D3-BF4B-00C04F79EFBC}") = "O_O", "O_O\O_O.csproj", "{384D44C8-D33A-49F0-A881-3B9F618BA35E}"
EndProject
Global
	GlobalSection(SolutionConfigurationPlatforms) = preSolution
		Debug|Any CPU = Debug|Any CPU
		Release|Any CPU = Release|Any CPU
	EndGlobalSection
	GlobalSection(ProjectConfigurationPlatforms) = postSolution
		{384D44C8-D33A-49F0-A881-3B9F618BA35E}.Debug|Any CPU.ActiveCfg = Debug|Any CPU
		{384D44C8-D33A-49F0-A881-3B9F618BA35E}.Debug|Any CPU.Build.0 = Debug|Any CPU
		{384D44C8-D33A-49F0-A881-3B9F618BA35E}.Release|Any CPU.ActiveCfg = Release|Any CPU
		{384D44C8-D33A-49F0-A881-3B9F618BA35E}.Release|Any CPU.Build.0 = Release|Any CPU
	EndGlobalSection
	GlobalSection(SolutionProperties) = preSolution
		HideSolutionNode = FALSE
	EndGlobalSection
EndGlobal
